
Microsoft Visual Studio Solution File, Format Version 12.00
# Visual Studio Version 17
VisualStudioVersion = 17.7.34202.233
MinimumVisualStudioVersion = 10.0.40219.1
Project("{FAE04EC0-301F-11D3-BF4B-00C04F79EFBC}") = "json2mvrec", "json2mvrec\json2mvrec.csproj", "{5FA416AC-7D53-4189-BFB8-32D20D67C46B}"
EndProject
Global
	GlobalSection(SolutionConfigurationPlatforms) = preSolution
		Debug|Any CPU = Debug|Any CPU
		Release|Any CPU = Release|Any CPU
	EndGlobalSection
	GlobalSection(ProjectConfigurationPlatforms) = postSolution
		{5FA416AC-7D53-4189-BFB8-32D20D67C46B}.Debug|Any CPU.ActiveCfg = Debug|Any CPU
		{5FA416AC-7D53-4189-BFB8-32D20D67C46B}.Debug|Any CPU.Build.0 = Debug|Any CPU
		{5FA416AC-7D53-4189-BFB8-32D20D67C46B}.Release|Any CPU.ActiveCfg = Release|Any CPU
		{5FA416AC-7D53-4189-BFB8-32D20D67C46B}.Release|Any CPU.Build.0 = Release|Any CPU
	EndGlobalSection
	GlobalSection(SolutionProperties) = preSolution
		HideSolutionNode = FALSE
	EndGlobalSection
	GlobalSection(ExtensibilityGlobals) = postSolution
		SolutionGuid = {B1F14224-0BFA-4C44-A55C-B3CE5F9282DB}
	EndGlobalSection
EndGlobal
